
Microsoft Visual Studio Solution File, Format Version 10.00
# Visual Studio 2008
Project("{FAE04EC0-301F-11D3-BF4B-00C04F79EFBC}") = "GetReturnPosted", "GetReturnPosted\GetReturnPosted.csproj", "{9DB5C1C7-A5EB-440D-AA5B-2945F7F14A34}"
EndProject
Project("{FAE04EC0-301F-11D3-BF4B-00C04F79EFBC}") = "LiteOn.GDS.Utility", "C:\Users\Administrator\Desktop\LiteOn.GDS.Utility\LiteOn.GDS.Utility\LiteOn.GDS.Utility.csproj", "{FCC0AF76-29F5-49DA-A15C-8340DD78320F}"
EndProject
Global
	GlobalSection(SolutionConfigurationPlatforms) = preSolution
		Debug|Any CPU = Debug|Any CPU
		Release|Any CPU = Release|Any CPU
	EndGlobalSection
	GlobalSection(ProjectConfigurationPlatforms) = postSolution
		{9DB5C1C7-A5EB-440D-AA5B-2945F7F14A34}.Debug|Any CPU.ActiveCfg = Debug|Any CPU
		{9DB5C1C7-A5EB-440D-AA5B-2945F7F14A34}.Debug|Any CPU.Build.0 = Debug|Any CPU
		{9DB5C1C7-A5EB-440D-AA5B-2945F7F14A34}.Release|Any CPU.ActiveCfg = Release|Any CPU
		{9DB5C1C7-A5EB-440D-AA5B-2945F7F14A34}.Release|Any CPU.Build.0 = Release|Any CPU
		{FCC0AF76-29F5-49DA-A15C-8340DD78320F}.Debug|Any CPU.ActiveCfg = Debug|Any CPU
		{FCC0AF76-29F5-49DA-A15C-8340DD78320F}.Debug|Any CPU.Build.0 = Debug|Any CPU
		{FCC0AF76-29F5-49DA-A15C-8340DD78320F}.Release|Any CPU.ActiveCfg = Release|Any CPU
		{FCC0AF76-29F5-49DA-A15C-8340DD78320F}.Release|Any CPU.Build.0 = Release|Any CPU
	EndGlobalSection
	GlobalSection(SolutionProperties) = preSolution
		HideSolutionNode = FALSE
	EndGlobalSection
EndGlobal
